
Microsoft Visual Studio Solution File, Format Version 12.00
# Visual Studio Version 17
VisualStudioVersion = 17.5.33627.172
MinimumVisualStudioVersion = 10.0.40219.1
Project("{FAE04EC0-301F-11D3-BF4B-00C04F79EFBC}") = "ListaFilmConMVC", "ListaFilmConMVC\ListaFilmConMVC.csproj", "{F7A0C53C-400B-4EE1-8571-5A4CEACCF123}"
EndProject
Global
	GlobalSection(SolutionConfigurationPlatforms) = preSolution
		Debug|Any CPU = Debug|Any CPU
		Release|Any CPU = Release|Any CPU
	EndGlobalSection
	GlobalSection(ProjectConfigurationPlatforms) = postSolution
		{F7A0C53C-400B-4EE1-8571-5A4CEACCF123}.Debug|Any CPU.ActiveCfg = Debug|Any CPU
		{F7A0C53C-400B-4EE1-8571-5A4CEACCF123}.Debug|Any CPU.Build.0 = Debug|Any CPU
		{F7A0C53C-400B-4EE1-8571-5A4CEACCF123}.Release|Any CPU.ActiveCfg = Release|Any CPU
		{F7A0C53C-400B-4EE1-8571-5A4CEACCF123}.Release|Any CPU.Build.0 = Release|Any CPU
	EndGlobalSection
	GlobalSection(SolutionProperties) = preSolution
		HideSolutionNode = FALSE
	EndGlobalSection
	GlobalSection(ExtensibilityGlobals) = postSolution
		SolutionGuid = {CD9E508E-72D6-4E4B-94B7-51860E58EE02}
	EndGlobalSection
EndGlobal
